hash: e755c450df8ea8fea15fd5e74aecddeb9d1062bb37488044e193db9869efec9c
updated: 2017-10-01T19:28:53.187323922+05:30
imports:
- name: github.com/fsnotify/fsnotify
  version: 4da3e2cfbabc9f751898f250b49f2439785783a1
- name: github.com/gorilla/context
  version: 08b5f424b9271eedf6f9f0ce86cb9396ed337a42
- name: github.com/gorilla/mux
  version: 24fca303ac6da784b9e8269f724ddeb0b2eea5e7
- name: github.com/gorilla/schema
  version: 8b1100835db5bbdae88541510f70d114b91a7e4d
- name: github.com/hashicorp/hcl
  version: 68e816d1c783414e79bc65b3994d9ab6b0a722ab
  subpackages:
  - hcl/ast
  - hcl/parser
  - hcl/scanner
  - hcl/strconv
  - hcl/token
  - json/parser
  - json/scanner
  - json/token
- name: github.com/jasonlvhit/gocron
  version: 42a5804d37aa0b9239b265e894a16b8edbf52d54
- name: github.com/magiconair/properties
  version: 8d7837e64d3c1ee4e54a880c5a920ab4316fc90a
- name: github.com/mitchellh/mapstructure
  version: d0303fe809921458f417bcf828397a65db30a7e4
- name: github.com/pelletier/go-toml
  version: 16398bac157da96aa88f98a2df640c7f32af1da2
- name: github.com/spf13/afero
  version: ee1bd8ee15a1306d1f9201acc41ef39cd9f99a1b
  subpackages:
  - mem
- name: github.com/spf13/cast
  version: acbeb36b902d72a7a4c18e8f3241075e7ab763e4
- name: github.com/spf13/jwalterweatherman
  version: 12bd96e66386c1960ab0f74ced1362f66f552f7b
- name: github.com/spf13/pflag
  version: 7aff26db30c1be810f9de5038ec5ef96ac41fd7c
- name: github.com/spf13/viper
  version: 25b30aa063fc18e48662b86996252eabdcf2f0c7
- name: golang.org/x/sys
  version: 429f518978ab01db8bb6f44b66785088e7fba58b
  subpackages:
  - unix
- name: golang.org/x/text
  version: 1cbadb444a806fd9430d14ad08967ed91da4fa0a
  subpackages:
  - transform
  - unicode/norm
- name: gopkg.in/yaml.v2
  version: eb3733d160e74a9c7e442f435eb3bea458e1d19f
testImports: []
